version = 1
revision = 2
requires-python = ">=3.13"

[[package]]
name = "click"
version = "8.1.8"
source = { registry = "https://pypi.org/simple" }
dependencies = [
    { name = "colorama", marker = "sys_platform == 'win32'" },
]
sdist = { url = "https://files.pythonhosted.org/packages/b9/2e/0090cbf739cee7d23781ad4b89a9894a41538e4fcf4c31dcdd705b78eb8b/click-8.1.8.tar.gz", hash = "sha256:ed53c9d8990d83c2a27deae68e4ee337473f6330c040a31d4225c9574d16096a", size = 226593, upload-time = "2024-12-21T18:38:44.339Z" }
wheels = [
    { url = "https://files.pythonhosted.org/packages/7e/d4/7ebdbd03970677812aac39c869717059dbb71a4cfc033ca6e5221787892c/click-8.1.8-py3-none-any.whl", hash = "sha256:63c132bbbed01578a06712a2d1f497bb62d9c1c0d329b7903a866228027263b2", size = 98188, upload-time = "2024-12-21T18:38:41.666Z" },
]

[[package]]
name = "colorama"
version = "0.4.6"
source = { registry = "https://pypi.org/simple" }
sdist = { url = "https://files.pythonhosted.org/packages/d8/53/6f443c9a4a8358a93a6792e2acffb9d9d5cb0a5cfd8802644b7b1c9a02e4/colorama-0.4.6.tar.gz", hash = "sha256:08695f5cb7ed6e0531a20572697297273c47b8cae5a63ffc6d6ed5c201be6e44", size = 27697, upload-time = "2022-10-25T02:36:22.414Z" }
wheels = [
    { url = "https://files.pythonhosted.org/packages/d1/d6/3965ed04c63042e047cb6a3e6ed1a63a35087b6a609aa3a15ed8ac56c221/colorama-0.4.6-py2.py3-none-any.whl", hash = "sha256:4f1d9991f5acc0ca119f9d443620b77f9d6b33703e51011c16baf57afb285fc6", size = 25335, upload-time = "2022-10-25T02:36:20.889Z" },
]

[[package]]
name = "fabric"
version = "0.0.2"
source = { git = "https://github.com/Fabric-Development/fabric.git#1831ced4d9bb9f4be3893be55a8d502b47bff29e" }
dependencies = [
    { name = "click" },
    { name = "loguru" },
    { name = "pycairo" },
    { name = "pygobject" },
]

[[package]]
name = "loguru"
version = "0.7.3"
source = { registry = "https://pypi.org/simple" }
dependencies = [
    { name = "colorama", marker = "sys_platform == 'win32'" },
    { name = "win32-setctime", marker = "sys_platform == 'win32'" },
]
sdist = { url = "https://files.pythonhosted.org/packages/3a/05/a1dae3dffd1116099471c643b8924f5aa6524411dc6c63fdae648c4f1aca/loguru-0.7.3.tar.gz", hash = "sha256:19480589e77d47b8d85b2c827ad95d49bf31b0dcde16593892eb51dd18706eb6", size = 63559, upload-time = "2024-12-06T11:20:56.608Z" }
wheels = [
    { url = "https://files.pythonhosted.org/packages/0c/29/0348de65b8cc732daa3e33e67806420b2ae89bdce2b04af740289c5c6c8c/loguru-0.7.3-py3-none-any.whl", hash = "sha256:31a33c10c8e1e10422bfd431aeb5d351c7cf7fa671e3c4df004162264b28220c", size = 61595, upload-time = "2024-12-06T11:20:54.538Z" },
]

[[package]]
name = "modusv2"
version = "0.1.0"
source = { virtual = "." }
dependencies = [
    { name = "fabric" },
    { name = "loguru" },
    { name = "psutil" },
    { name = "pydbus" },
    { name = "setproctitle" },
]

[package.metadata]
requires-dist = [
    { name = "fabric", git = "https://github.com/Fabric-Development/fabric.git" },
    { name = "loguru", specifier = ">=0.7.3" },
    { name = "psutil", specifier = ">=7.0.0" },
    { name = "pydbus", specifier = ">=0.6.0" },
    { name = "setproctitle", specifier = ">=1.3.6" },
]

[[package]]
name = "psutil"
version = "7.0.0"
source = { registry = "https://pypi.org/simple" }
sdist = { url = "https://files.pythonhosted.org/packages/2a/80/336820c1ad9286a4ded7e845b2eccfcb27851ab8ac6abece774a6ff4d3de/psutil-7.0.0.tar.gz", hash = "sha256:7be9c3eba38beccb6495ea33afd982a44074b78f28c434a1f51cc07fd315c456", size = 497003, upload-time = "2025-02-13T21:54:07.946Z" }
wheels = [
    { url = "https://files.pythonhosted.org/packages/ed/e6/2d26234410f8b8abdbf891c9da62bee396583f713fb9f3325a4760875d22/psutil-7.0.0-cp36-abi3-macosx_10_9_x86_64.whl", hash = "sha256:101d71dc322e3cffd7cea0650b09b3d08b8e7c4109dd6809fe452dfd00e58b25", size = 238051, upload-time = "2025-02-13T21:54:12.36Z" },
    { url = "https://files.pythonhosted.org/packages/04/8b/30f930733afe425e3cbfc0e1468a30a18942350c1a8816acfade80c005c4/psutil-7.0.0-cp36-abi3-macosx_11_0_arm64.whl", hash = "sha256:39db632f6bb862eeccf56660871433e111b6ea58f2caea825571951d4b6aa3da", size = 239535, upload-time = "2025-02-13T21:54:16.07Z" },
    { url = "https://files.pythonhosted.org/packages/2a/ed/d362e84620dd22876b55389248e522338ed1bf134a5edd3b8231d7207f6d/psutil-7.0.0-cp36-abi3-manylinux_2_12_i686.manylinux2010_i686.manylinux_2_17_i686.manylinux2014_i686.whl", hash = "sha256:1fcee592b4c6f146991ca55919ea3d1f8926497a713ed7faaf8225e174581e91", size = 275004, upload-time = "2025-02-13T21:54:18.662Z" },
    { url = "https://files.pythonhosted.org/packages/bf/b9/b0eb3f3cbcb734d930fdf839431606844a825b23eaf9a6ab371edac8162c/psutil-7.0.0-cp36-abi3-manylinux_2_12_x86_64.manylinux2010_x86_64.manylinux_2_17_x86_64.manylinux2014_x86_64.whl", hash = "sha256:4b1388a4f6875d7e2aff5c4ca1cc16c545ed41dd8bb596cefea80111db353a34", size = 277986, upload-time = "2025-02-13T21:54:21.811Z" },
    { url = "https://files.pythonhosted.org/packages/eb/a2/709e0fe2f093556c17fbafda93ac032257242cabcc7ff3369e2cb76a97aa/psutil-7.0.0-cp36-abi3-manylinux_2_17_aarch64.manylinux2014_aarch64.whl", hash = "sha256:a5f098451abc2828f7dc6b58d44b532b22f2088f4999a937557b603ce72b1993", size = 279544, upload-time = "2025-02-13T21:54:24.68Z" },
    { url = "https://files.pythonhosted.org/packages/50/e6/eecf58810b9d12e6427369784efe814a1eec0f492084ce8eb8f4d89d6d61/psutil-7.0.0-cp37-abi3-win32.whl", hash = "sha256:ba3fcef7523064a6c9da440fc4d6bd07da93ac726b5733c29027d7dc95b39d99", size = 241053, upload-time = "2025-02-13T21:54:34.31Z" },
    { url = "https://files.pythonhosted.org/packages/50/1b/6921afe68c74868b4c9fa424dad3be35b095e16687989ebbb50ce4fceb7c/psutil-7.0.0-cp37-abi3-win_amd64.whl", hash = "sha256:4cf3d4eb1aa9b348dec30105c55cd9b7d4629285735a102beb4441e38db90553", size = 244885, upload-time = "2025-02-13T21:54:37.486Z" },
]

[[package]]
name = "pycairo"
version = "1.28.0"
source = { registry = "https://pypi.org/simple" }
sdist = { url = "https://files.pythonhosted.org/packages/40/d9/412da520de9052b7e80bfc810ec10f5cb3dbfa4aa3e23c2820dc61cdb3d0/pycairo-1.28.0.tar.gz", hash = "sha256:26ec5c6126781eb167089a123919f87baa2740da2cca9098be8b3a6b91cc5fbc", size = 662477, upload-time = "2025-04-14T20:11:08.218Z" }
wheels = [
    { url = "https://files.pythonhosted.org/packages/59/a7/c3e5ed55781dfe1b31eb4a2482aeae707671f3d36b0ea53a1722f4a3dfe9/pycairo-1.28.0-cp313-cp313-win32.whl", hash = "sha256:d13352429d8a08a1cb3607767d23d2fb32e4c4f9faa642155383980ec1478c24", size = 750594, upload-time = "2025-04-14T20:10:59.284Z" },
    { url = "https://files.pythonhosted.org/packages/8b/1c/ebadd290748aff3b6bc35431114d41e7a42f40a4b988c2aaf2dfed5d8156/pycairo-1.28.0-cp313-cp313-win_amd64.whl", hash = "sha256:082aef6b3a9dcc328fa648d38ed6b0a31c863e903ead57dd184b2e5f86790140", size = 841774, upload-time = "2025-04-14T20:11:01.79Z" },
    { url = "https://files.pythonhosted.org/packages/3e/ce/a3f5f1946613cd8a4654322b878c59f273c6e9b01dfadadd3f609070e0b9/pycairo-1.28.0-cp313-cp313-win_arm64.whl", hash = "sha256:026afd53b75291917a7412d9fe46dcfbaa0c028febd46ff1132d44a53ac2c8b6", size = 691675, upload-time = "2025-04-16T19:30:26.565Z" },
]

[[package]]
name = "pydbus"
version = "0.6.0"
source = { registry = "https://pypi.org/simple" }
sdist = { url = "https://files.pythonhosted.org/packages/58/56/3e84f2c1f2e39b9ea132460183f123af41e3b9c8befe222a35636baa6a5a/pydbus-0.6.0.tar.gz", hash = "sha256:4207162eff54223822c185da06c1ba8a34137a9602f3da5a528eedf3f78d0f2c", size = 22079, upload-time = "2016-12-18T16:44:31.904Z" }
wheels = [
    { url = "https://files.pythonhosted.org/packages/92/56/27148014c2f85ce70332f18612f921f682395c7d4e91ec103783be4fce00/pydbus-0.6.0-py2.py3-none-any.whl", hash = "sha256:66b80106352a718d80d6c681dc2a82588048e30b75aab933e4020eb0660bf85e", size = 19580, upload-time = "2016-12-18T16:44:19.565Z" },
]

[[package]]
name = "pygobject"
version = "3.50.0"
source = { registry = "https://pypi.org/simple" }
dependencies = [
    { name = "pycairo" },
]
sdist = { url = "https://files.pythonhosted.org/packages/2b/58/d34e67a79631177e3c08e7d02b5165147f590171f2cae6769502af5f7f7e/pygobject-3.50.0.tar.gz", hash = "sha256:4500ad3dbf331773d8dedf7212544c999a76fc96b63a91b3dcac1e5925a1d103", size = 1080367, upload-time = "2024-09-12T12:05:22.579Z" }

[[package]]
name = "setproctitle"
version = "1.3.6"
source = { registry = "https://pypi.org/simple" }
sdist = { url = "https://files.pythonhosted.org/packages/9e/af/56efe21c53ac81ac87e000b15e60b3d8104224b4313b6eacac3597bd183d/setproctitle-1.3.6.tar.gz", hash = "sha256:c9f32b96c700bb384f33f7cf07954bb609d35dd82752cef57fb2ee0968409169", size = 26889, upload-time = "2025-04-29T13:35:00.184Z" }
wheels = [
    { url = "https://files.pythonhosted.org/packages/89/76/f1a2fdbf9b9602945a7489ba5c52e9863de37381ef1a85a2b9ed0ff8bc79/setproctitle-1.3.6-cp313-cp313-macosx_10_13_universal2.whl", hash = "sha256:e2a9e62647dc040a76d55563580bf3bb8fe1f5b6ead08447c2ed0d7786e5e794", size = 17392, upload-time = "2025-04-29T13:33:30.925Z" },
    { url = "https://files.pythonhosted.org/packages/5c/5b/4e0db8b10b4543afcb3dbc0827793d46e43ec1de6b377e313af3703d08e0/setproctitle-1.3.6-cp313-cp313-macosx_11_0_arm64.whl", hash = "sha256:751ba352ed922e0af60458e961167fa7b732ac31c0ddd1476a2dfd30ab5958c5", size = 11951, upload-time = "2025-04-29T13:33:32.296Z" },
    { url = "https://files.pythonhosted.org/packages/dc/fe/d5d00aaa700fe1f6160b6e95c225b29c01f4d9292176d48fd968815163ea/setproctitle-1.3.6-cp313-cp313-manylinux_2_17_aarch64.manylinux2014_aarch64.whl", hash = "sha256:7890e291bf4708e3b61db9069ea39b3ab0651e42923a5e1f4d78a7b9e4b18301", size = 32087, upload-time = "2025-04-29T13:33:33.469Z" },
    { url = "https://files.pythonhosted.org/packages/9f/b3/894b827b93ef813c082479bebf88185860f01ac243df737823dd705e7fff/setproctitle-1.3.6-cp313-cp313-manylinux_2_17_ppc64le.manylinux2014_ppc64le.whl", hash = "sha256:b2b17855ed7f994f3f259cf2dfbfad78814538536fa1a91b50253d84d87fd88d", size = 33502, upload-time = "2025-04-29T13:33:34.831Z" },
    { url = "https://files.pythonhosted.org/packages/b2/cd/5330734cca1a4cfcb721432c22cb7899ff15a4101ba868b2ef452ffafea1/setproctitle-1.3.6-cp313-cp313-manylinux_2_5_i686.manylinux1_i686.manylinux_2_17_i686.manylinux2014_i686.whl", hash = "sha256:2e51ec673513465663008ce402171192a053564865c2fc6dc840620871a9bd7c", size = 30713, upload-time = "2025-04-29T13:33:36.739Z" },
    { url = "https://files.pythonhosted.org/packages/fa/d3/c2590c5daa2e9a008d3f2b16c0f4a351826193be55f147cb32af49c6d814/setproctitle-1.3.6-cp313-cp313-manylinux_2_5_x86_64.manylinux1_x86_64.manylinux_2_17_x86_64.manylinux2014_x86_64.whl", hash = "sha256:63cc10352dc6cf35a33951656aa660d99f25f574eb78132ce41a85001a638aa7", size = 31792, upload-time = "2025-04-29T13:33:37.974Z" },
    { url = "https://files.pythonhosted.org/packages/e6/b1/c553ed5af8cfcecd5ae7737e63af58a17a03d26f3d61868c7eb20bf7e3cf/setproctitle-1.3.6-cp313-cp313-musllinux_1_2_aarch64.whl", hash = "sha256:0dba8faee2e4a96e934797c9f0f2d093f8239bf210406a99060b3eabe549628e", size = 31927, upload-time = "2025-04-29T13:33:39.203Z" },
    { url = "https://files.pythonhosted.org/packages/70/78/2d5385206540127a3dca0ff83225b1ac66873f5cc89d4a6d3806c92f5ae2/setproctitle-1.3.6-cp313-cp313-musllinux_1_2_i686.whl", hash = "sha256:e3e44d08b61de0dd6f205528498f834a51a5c06689f8fb182fe26f3a3ce7dca9", size = 30981, upload-time = "2025-04-29T13:33:40.431Z" },
    { url = "https://files.pythonhosted.org/packages/31/62/e3e4a4e006d0e549748e53cded4ff3b667be0602860fc61b7de8b412b667/setproctitle-1.3.6-cp313-cp313-musllinux_1_2_ppc64le.whl", hash = "sha256:de004939fc3fd0c1200d26ea9264350bfe501ffbf46c8cf5dc7f345f2d87a7f1", size = 33244, upload-time = "2025-04-29T13:33:41.817Z" },
    { url = "https://files.pythonhosted.org/packages/aa/05/4b223fd4ef94e105dc7aff27fa502fb7200cf52be2bb0c064bd2406b5611/setproctitle-1.3.6-cp313-cp313-musllinux_1_2_x86_64.whl", hash = "sha256:3f8194b4d631b003a1176a75d1acd545e04b1f54b821638e098a93e6e62830ef", size = 31630, upload-time = "2025-04-29T13:33:43.093Z" },
    { url = "https://files.pythonhosted.org/packages/1b/ba/5f68eb969f7336f54b54a599fd3ffbd7662f9733b080bc8598705971b3dd/setproctitle-1.3.6-cp313-cp313-win32.whl", hash = "sha256:d714e002dd3638170fe7376dc1b686dbac9cb712cde3f7224440af722cc9866a", size = 11480, upload-time = "2025-04-29T13:34:01.257Z" },
    { url = "https://files.pythonhosted.org/packages/ba/f5/7f47f0ca35c9c357f16187cee9229f3eda0237bc6fdd3061441336f361c0/setproctitle-1.3.6-cp313-cp313-win_amd64.whl", hash = "sha256:b70c07409d465f3a8b34d52f863871fb8a00755370791d2bd1d4f82b3cdaf3d5", size = 12198, upload-time = "2025-04-29T13:34:02.293Z" },
    { url = "https://files.pythonhosted.org/packages/39/ad/c3941b8fc6b32a976c9e2d9615a90ae793b69cd010ca8c3575dbc822104f/setproctitle-1.3.6-cp313-cp313t-macosx_10_13_universal2.whl", hash = "sha256:23a57d3b8f1549515c2dbe4a2880ebc1f27780dc126c5e064167563e015817f5", size = 17401, upload-time = "2025-04-29T13:33:44.186Z" },
    { url = "https://files.pythonhosted.org/packages/04/38/a184f857b988d3a9c401e470a4e38182a5c99ee77bf90432d7665e9d35a3/setproctitle-1.3.6-cp313-cp313t-macosx_11_0_arm64.whl", hash = "sha256:81c443310831e29fabbd07b75ebbfa29d0740b56f5907c6af218482d51260431", size = 11959, upload-time = "2025-04-29T13:33:45.71Z" },
    { url = "https://files.pythonhosted.org/packages/b7/b9/4878ef9d8483adfd1edf6bf95151362aaec0d05aac306a97ff0383f491b5/setproctitle-1.3.6-cp313-cp313t-manylinux_2_17_aarch64.manylinux2014_aarch64.whl", hash = "sha256:d88c63bd395c787b0aa81d8bbc22c1809f311032ce3e823a6517b711129818e4", size = 33463, upload-time = "2025-04-29T13:33:46.913Z" },
    { url = "https://files.pythonhosted.org/packages/cc/60/3ef49d1931aff2a36a7324a49cca10d77ef03e0278452fd468c33a52d7e3/setproctitle-1.3.6-cp313-cp313t-manylinux_2_17_ppc64le.manylinux2014_ppc64le.whl", hash = "sha256:d73f14b86d0e2858ece6bf5807c9889670e392c001d414b4293d0d9b291942c3", size = 34959, upload-time = "2025-04-29T13:33:48.216Z" },
    { url = "https://files.pythonhosted.org/packages/81/c6/dee0a973acecefb0db6c9c2e0ea7f18b7e4db773a72e534741ebdee8bbb8/setproctitle-1.3.6-cp313-cp313t-manylinux_2_5_i686.manylinux1_i686.manylinux_2_17_i686.manylinux2014_i686.whl", hash = "sha256:3393859eb8f19f5804049a685bf286cb08d447e28ba5c6d8543c7bf5500d5970", size = 32055, upload-time = "2025-04-29T13:33:49.443Z" },
    { url = "https://files.pythonhosted.org/packages/ea/a5/5dd5c4192cf18d16349a32a07f728a9a48a2a05178e16966cabd6645903e/setproctitle-1.3.6-cp313-cp313t-manylinux_2_5_x86_64.manylinux1_x86_64.manylinux_2_17_x86_64.manylinux2014_x86_64.whl", hash = "sha256:785cd210c0311d9be28a70e281a914486d62bfd44ac926fcd70cf0b4d65dff1c", size = 32986, upload-time = "2025-04-29T13:33:51.519Z" },
    { url = "https://files.pythonhosted.org/packages/df/a6/1508d37eb8008670d33f13fcdb91cbd8ef54697276469abbfdd3d4428c59/setproctitle-1.3.6-cp313-cp313t-musllinux_1_2_aarch64.whl", hash = "sha256:c051f46ed1e13ba8214b334cbf21902102807582fbfaf0fef341b9e52f0fafbf", size = 32736, upload-time = "2025-04-29T13:33:52.852Z" },
    { url = "https://files.pythonhosted.org/packages/1a/73/c84ec8880d543766a12fcd6b65dbd013770974a40577889f357409b0441e/setproctitle-1.3.6-cp313-cp313t-musllinux_1_2_i686.whl", hash = "sha256:49498ebf68ca3e75321ffe634fcea5cc720502bfaa79bd6b03ded92ce0dc3c24", size = 31945, upload-time = "2025-04-29T13:33:54.665Z" },
    { url = "https://files.pythonhosted.org/packages/95/0a/126b9ff7a406a69a62825fe5bd6d1ba8671919a7018c4f9e2c63f49bfcb6/setproctitle-1.3.6-cp313-cp313t-musllinux_1_2_ppc64le.whl", hash = "sha256:4431629c178193f23c538cb1de3da285a99ccc86b20ee91d81eb5f1a80e0d2ba", size = 34333, upload-time = "2025-04-29T13:33:56.101Z" },
    { url = "https://files.pythonhosted.org/packages/9a/fd/5474b04f1c013ff460129d2bc774557dd6e186da4667865efef9a83bf378/setproctitle-1.3.6-cp313-cp313t-musllinux_1_2_x86_64.whl", hash = "sha256:d136fbf8ad4321716e44d6d6b3d8dffb4872626010884e07a1db54b7450836cf", size = 32508, upload-time = "2025-04-29T13:33:57.43Z" },
    { url = "https://files.pythonhosted.org/packages/32/21/2503e38520cb076a7ecaef6a35d6a6fa89cf02af3541c84c811fd7500d20/setproctitle-1.3.6-cp313-cp313t-win32.whl", hash = "sha256:d483cc23cc56ab32911ea0baa0d2d9ea7aa065987f47de847a0a93a58bf57905", size = 11482, upload-time = "2025-04-29T13:33:58.602Z" },
    { url = "https://files.pythonhosted.org/packages/65/23/7833d75a27fba25ddc5cd3b54cd03c4bf8e18b8e2dbec622eb6326278ce8/setproctitle-1.3.6-cp313-cp313t-win_amd64.whl", hash = "sha256:74973aebea3543ad033b9103db30579ec2b950a466e09f9c2180089e8346e0ec", size = 12209, upload-time = "2025-04-29T13:33:59.727Z" },
]

[[package]]
name = "win32-setctime"
version = "1.2.0"
source = { registry = "https://pypi.org/simple" }
sdist = { url = "https://files.pythonhosted.org/packages/b3/8f/705086c9d734d3b663af0e9bb3d4de6578d08f46b1b101c2442fd9aecaa2/win32_setctime-1.2.0.tar.gz", hash = "sha256:ae1fdf948f5640aae05c511ade119313fb6a30d7eabe25fef9764dca5873c4c0", size = 4867, upload-time = "2024-12-07T15:28:28.314Z" }
wheels = [
    { url = "https://files.pythonhosted.org/packages/e1/07/c6fe3ad3e685340704d314d765b7912993bcb8dc198f0e7a89382d37974b/win32_setctime-1.2.0-py3-none-any.whl", hash = "sha256:95d644c4e708aba81dc3704a116d8cbc974d70b3bdb8be1d150e36be6e9d1390", size = 4083, upload-time = "2024-12-07T15:28:26.465Z" },
]
